
Microsoft Visual Studio Solution File, Format Version 12.00
# Visual Studio Version 16
VisualStudioVersion = 16.0.29418.71
MinimumVisualStudioVersion = 10.0.40219.1
Project("{FAE04EC0-301F-11D3-BF4B-00C04F79EFBC}") = "WebApplication", "WebApplication\WebApplication.csproj", "{137200DC-D08E-4C4D-8F12-46413BEB0574}"
EndProject
Global
	GlobalSection(SolutionConfigurationPlatforms) = preSolution
		Debug|Any CPU = Debug|Any CPU
		Release|Any CPU = Release|Any CPU
	EndGlobalSection
	GlobalSection(ProjectConfigurationPlatforms) = postSolution
		{137200DC-D08E-4C4D-8F12-46413BEB0574}.Debug|Any CPU.ActiveCfg = Debug|Any CPU
		{137200DC-D08E-4C4D-8F12-46413BEB0574}.Debug|Any CPU.Build.0 = Debug|Any CPU
		{137200DC-D08E-4C4D-8F12-46413BEB0574}.Release|Any CPU.ActiveCfg = Release|Any CPU
		{137200DC-D08E-4C4D-8F12-46413BEB0574}.Release|Any CPU.Build.0 = Release|Any CPU
	EndGlobalSection
	GlobalSection(SolutionProperties) = preSolution
		HideSolutionNode = FALSE
	EndGlobalSection
	GlobalSection(ExtensibilityGlobals) = postSolution
		SolutionGuid = {08A191E0-F756-49A4-BA3B-0AA0D1EC35C5}
	EndGlobalSection
EndGlobal
